
Microsoft Visual Studio Solution File, Format Version 12.00
# Visual Studio Version 17
VisualStudioVersion = 17.4.33213.308
MinimumVisualStudioVersion = 10.0.40219.1
Project("{FAE04EC0-301F-11D3-BF4B-00C04F79EFBC}") = "WebServices", "WebServices\WebServices.csproj", "{760FAC99-EC44-4EE7-B694-E3F647D23DCA}"
EndProject
Global
	GlobalSection(SolutionConfigurationPlatforms) = preSolution
		Debug|Any CPU = Debug|Any CPU
		Release|Any CPU = Release|Any CPU
	EndGlobalSection
	GlobalSection(ProjectConfigurationPlatforms) = postSolution
		{760FAC99-EC44-4EE7-B694-E3F647D23DCA}.Debug|Any CPU.ActiveCfg = Debug|Any CPU
		{760FAC99-EC44-4EE7-B694-E3F647D23DCA}.Debug|Any CPU.Build.0 = Debug|Any CPU
		{760FAC99-EC44-4EE7-B694-E3F647D23DCA}.Release|Any CPU.ActiveCfg = Release|Any CPU
		{760FAC99-EC44-4EE7-B694-E3F647D23DCA}.Release|Any CPU.Build.0 = Release|Any CPU
	EndGlobalSection
	GlobalSection(SolutionProperties) = preSolution
		HideSolutionNode = FALSE
	EndGlobalSection
	GlobalSection(ExtensibilityGlobals) = postSolution
		SolutionGuid = {3BD5EDA0-0CD0-47C2-9032-05D2CE968B6C}
	EndGlobalSection
EndGlobal
